{
  "name": "MiniSwitch",
  "version": "0.0.1",
  "lockfileVersion": 1,
  "requires": true,
  "dependencies": {
    "simple-text-log": {
      "version": "0.0.1",
      "resolved": "https://registry.npmjs.org/simple-text-log/-/simple-text-log-0.0.1.tgz",
      "integrity": "sha512-b8wnUXn5bPcD/ghsTS2bSa7evtoW0d3vSYnokKvzC/CTZjXlVtrjP/44DQwA/I+hutn6WEZqEbWG59bRKzbTAw=="
    }
  }
}
